{
  "nodes": {
    "disko": {
      "inputs": {
        "nixpkgs": [
          "nixpkgs"
        ]
      },
      "locked": {
        "lastModified": 1725377834,
        "narHash": "sha256-tqoAO8oT6zEUDXte98cvA1saU9+1dLJQe3pMKLXv8ps=",
        "owner": "nix-community",
        "repo": "disko",
        "rev": "e55f9a8678adc02024a4877c2a403e3f6daf24fe",
        "type": "github"
      },
      "original": {
        "owner": "nix-community",
        "repo": "disko",
        "type": "github"
      }
    },
    "gogl-ci": {
      "inputs": {
        "nixpkgs": [
          "nixpkgs"
        ]
      },
      "locked": {
        "lastModified": 1725103390,
        "narHash": "sha256-tcQ00mV8WW2oU1MQXsS3cKzfHZOJhT40S85xfJtGFzE=",
        "owner": "WatcherWhale",
        "repo": "gogl-ci",
        "rev": "00b5dfd7a4d0305abff22602ef6a26a1f4ac777d",
        "type": "github"
      },
      "original": {
        "owner": "WatcherWhale",
        "repo": "gogl-ci",
        "type": "github"
      }
    },
    "home-manager": {
      "inputs": {
        "nixpkgs": [
          "nixpkgs"
        ]
      },
      "locked": {
        "lastModified": 1726036828,
        "narHash": "sha256-ZQHbpyti0jcAKnwQY1lwmooecLmSG6wX1JakQ/eZNeM=",
        "owner": "nix-community",
        "repo": "home-manager",
        "rev": "8a1671642826633586d12ac3158e463c7a50a112",
        "type": "github"
      },
      "original": {
        "owner": "nix-community",
        "repo": "home-manager",
        "type": "github"
      }
    },
    "nixpkgs": {
      "locked": {
        "lastModified": 1725983898,
        "narHash": "sha256-4b3A9zPpxAxLnkF9MawJNHDtOOl6ruL0r6Og1TEDGCE=",
        "owner": "nixos",
        "repo": "nixpkgs",
        "rev": "1355a0cbfeac61d785b7183c0caaec1f97361b43",
        "type": "github"
      },
      "original": {
        "owner": "nixos",
        "ref": "nixos-unstable",
        "repo": "nixpkgs",
        "type": "github"
      }
    },
    "nixpkgsstable": {
      "locked": {
        "lastModified": 1725930920,
        "narHash": "sha256-RVhD9hnlTT2nJzPHlAqrWqCkA7T6CYrP41IoVRkciZM=",
        "owner": "nixos",
        "repo": "nixpkgs",
        "rev": "44a71ff39c182edaf25a7ace5c9454e7cba2c658",
        "type": "github"
      },
      "original": {
        "owner": "nixos",
        "ref": "nixos-24.05",
        "repo": "nixpkgs",
        "type": "github"
      }
    },
    "root": {
      "inputs": {
        "disko": "disko",
        "gogl-ci": "gogl-ci",
        "home-manager": "home-manager",
        "nixpkgs": "nixpkgs",
        "nixpkgsstable": "nixpkgsstable",
        "zellij-store": "zellij-store",
        "zen-browser": "zen-browser"
      }
    },
    "zellij-store": {
      "inputs": {
        "nixpkgs": [
          "nixpkgs"
        ]
      },
      "locked": {
        "lastModified": 1723809650,
        "narHash": "sha256-dNT2dxRNInNj6fV20v43/hE4IMSYqocUj4E5emxaOKk=",
        "owner": "WatcherWhale",
        "repo": "Zellij-Store",
        "rev": "3529f2bf3c98cdaad341f2a353554e8972bc1647",
        "type": "github"
      },
      "original": {
        "owner": "WatcherWhale",
        "repo": "Zellij-Store",
        "type": "github"
      }
    },
    "zen-browser": {
      "inputs": {
        "nixpkgs": [
          "nixpkgs"
        ]
      },
      "locked": {
        "lastModified": 1726001766,
        "narHash": "sha256-ADvEWfo0AuHR06ah1nnzOyhsG05/b5QpUc7vFNbiEfM=",
        "owner": "MarceColl",
        "repo": "zen-browser-flake",
        "rev": "06505a088396e2c0b9ad100302502783a6bcdb40",
        "type": "github"
      },
      "original": {
        "owner": "MarceColl",
        "repo": "zen-browser-flake",
        "type": "github"
      }
    }
  },
  "root": "root",
  "version": 7
}
